lockfileVersion: '9.0'

settings:
  autoInstallPeers: true
  excludeLinksFromLockfile: false

importers:

  .:
    devDependencies:
      '@tsconfig/node-lts':
        specifier: 20.1.3
        version: 20.1.3
      typescript:
        specifier: 5.4.5
        version: 5.4.5

packages:

  '@tsconfig/node-lts@20.1.3':
    resolution: {integrity: sha512-m3b7EP2U+h5tNSpaBMfcTuHmHn04wrgRPQQrfKt75YIPq6kPs2153/KfPHdqkEWGx5pEBvS6rnvToT+yTtC1iw==}

  typescript@5.4.5:
    resolution: {integrity: sha512-vcI4UpRgg81oIRUFwR0WSIHKt11nJ7SAVlYNIu+QpqeyXP+gpQJy/Z4+F0aGxSE4MqwjyXvW/TzgkLAx2AGHwQ==}
    engines: {node: '>=14.17'}
    hasBin: true

snapshots:

  '@tsconfig/node-lts@20.1.3': {}

  typescript@5.4.5: {}
